
Microsoft Visual Studio Solution File, Format Version 12.00
# Visual Studio Version 17
VisualStudioVersion = 17.11.35208.52
MinimumVisualStudioVersion = 10.0.40219.1
Project("{FAE04EC0-301F-11D3-BF4B-00C04F79EFBC}") = "EmployeeApplication", "EmployeeApplication\EmployeeApplication.csproj", "{FE7129D4-BD70-4B00-82D0-9F759EBD1887}"
EndProject
Global
	GlobalSection(SolutionConfigurationPlatforms) = preSolution
		Debug|Any CPU = Debug|Any CPU
		Release|Any CPU = Release|Any CPU
	EndGlobalSection
	GlobalSection(ProjectConfigurationPlatforms) = postSolution
		{FE7129D4-BD70-4B00-82D0-9F759EBD1887}.Debug|Any CPU.ActiveCfg = Debug|Any CPU
		{FE7129D4-BD70-4B00-82D0-9F759EBD1887}.Debug|Any CPU.Build.0 = Debug|Any CPU
		{FE7129D4-BD70-4B00-82D0-9F759EBD1887}.Release|Any CPU.ActiveCfg = Release|Any CPU
		{FE7129D4-BD70-4B00-82D0-9F759EBD1887}.Release|Any CPU.Build.0 = Release|Any CPU
	EndGlobalSection
	GlobalSection(SolutionProperties) = preSolution
		HideSolutionNode = FALSE
	EndGlobalSection
	GlobalSection(ExtensibilityGlobals) = postSolution
		SolutionGuid = {7E7EA6EB-4DAD-415E-B53A-E7CC5825A851}
	EndGlobalSection
EndGlobal
